
Microsoft Visual Studio Solution File, Format Version 12.00
# Visual Studio Version 17
VisualStudioVersion = 17.0.31912.275
MinimumVisualStudioVersion = 10.0.40219.1
Project("{FAE04EC0-301F-11D3-BF4B-00C04F79EFBC}") = "zeSistema", "zeSistema\zeSistema.csproj", "{2DB3A665-4D6E-4E86-9F18-24ADF417B6B3}"
EndProject
Global
	GlobalSection(SolutionConfigurationPlatforms) = preSolution
		Debug|Any CPU = Debug|Any CPU
		Release|Any CPU = Release|Any CPU
	EndGlobalSection
	GlobalSection(ProjectConfigurationPlatforms) = postSolution
		{2DB3A665-4D6E-4E86-9F18-24ADF417B6B3}.Debug|Any CPU.ActiveCfg = Debug|Any CPU
		{2DB3A665-4D6E-4E86-9F18-24ADF417B6B3}.Debug|Any CPU.Build.0 = Debug|Any CPU
		{2DB3A665-4D6E-4E86-9F18-24ADF417B6B3}.Release|Any CPU.ActiveCfg = Release|Any CPU
		{2DB3A665-4D6E-4E86-9F18-24ADF417B6B3}.Release|Any CPU.Build.0 = Release|Any CPU
	EndGlobalSection
	GlobalSection(SolutionProperties) = preSolution
		HideSolutionNode = FALSE
	EndGlobalSection
	GlobalSection(ExtensibilityGlobals) = postSolution
		SolutionGuid = {BC7F333E-F2CA-45BD-BA31-0F20C80D4A98}
	EndGlobalSection
EndGlobal
